Microsoft Visual Studio Solution File, Format Version 12.00
# Visual Studio Version 17
VisualStudioVersion = 17.5.2.0
MinimumVisualStudioVersion = 10.0.40219.1
Project("{FAE04EC0-301F-11D3-BF4B-00C04F79EFBC}") = "WireMock", "WireMock\WireMock.csproj", "{D03AB189-808D-2794-E24D-0DFC1BF25C4A}"
EndProject
Project("{FAE04EC0-301F-11D3-BF4B-00C04F79EFBC}") = "WireMock.IntegrationTests", "WireMock.IntegrationTests\WireMock.IntegrationTests.csproj", "{B2A3C7E8-AD5E-1EC4-E449-DF802938A99F}"
EndProject
Global
	GlobalSection(SolutionConfigurationPlatforms) = preSolution
		Debug|Any CPU = Debug|Any CPU
		Release|Any CPU = Release|Any CPU
	EndGlobalSection
	GlobalSection(ProjectConfigurationPlatforms) = postSolution
		{D03AB189-808D-2794-E24D-0DFC1BF25C4A}.Debug|Any CPU.ActiveCfg = Debug|Any CPU
		{D03AB189-808D-2794-E24D-0DFC1BF25C4A}.Debug|Any CPU.Build.0 = Debug|Any CPU
		{D03AB189-808D-2794-E24D-0DFC1BF25C4A}.Release|Any CPU.ActiveCfg = Release|Any CPU
		{D03AB189-808D-2794-E24D-0DFC1BF25C4A}.Release|Any CPU.Build.0 = Release|Any CPU
		{B2A3C7E8-AD5E-1EC4-E449-DF802938A99F}.Debug|Any CPU.ActiveCfg = Debug|Any CPU
		{B2A3C7E8-AD5E-1EC4-E449-DF802938A99F}.Debug|Any CPU.Build.0 = Debug|Any CPU
		{B2A3C7E8-AD5E-1EC4-E449-DF802938A99F}.Release|Any CPU.ActiveCfg = Release|Any CPU
		{B2A3C7E8-AD5E-1EC4-E449-DF802938A99F}.Release|Any CPU.Build.0 = Release|Any CPU
	EndGlobalSection
	GlobalSection(SolutionProperties) = preSolution
		HideSolutionNode = FALSE
	EndGlobalSection
	GlobalSection(ExtensibilityGlobals) = postSolution
		SolutionGuid = {2D110B8D-DBCA-4704-9092-B23FA0D467BC}
	EndGlobalSection
EndGlobal
